<?xml version="1.0" encoding="utf-8"?>
<Project ToolsVersion="4.0" xmlns="http://schemas.microsoft.com/developer/msbuild/2003">
  <ItemGroup>
    <Filter Include="Source Files">
      <UniqueIdentifier>{4FC737F1-C7A5-4376-A066-2A32D752A2FF}</UniqueIdentifier>
      <Extensions>cpp;c;cc;cxx;def;odl;idl;hpj;bat;asm;asmx</Extensions>
    </Filter>
    <Filter Include="Header Files">
      <UniqueIdentifier>{93995380-89BD-4b04-88EB-625FBE52EBFB}</UniqueIdentifier>
      <Extensions>h;hh;hpp;hxx;hm;inl;inc;xsd</Extensions>
    </Filter>
    <Filter Include="Resource Files">
      <UniqueIdentifier>{67DA6AB6-F800-4c08-8B7A-83BB121AAD01}</UniqueIdentifier>
      <Extensions>rc;ico;cur;bmp;dlg;rc2;rct;bin;rgs;gif;jpg;jpeg;jpe;resx;tiff;tif;png;wav;mfcribbon-ms</Extensions>
    </Filter>
    <Filter Include="ProcessObjects">
      <UniqueIdentifier>{80531985-d313-4164-94e9-187d8596b577}</UniqueIdentifier>
    </Filter>
    <Filter Include="Controllers">
      <UniqueIdentifier>{99dd64ad-e316-4faa-a444-8e8b11993edb}</UniqueIdentifier>
    </Filter>
    <Filter Include="Pong">
      <UniqueIdentifier>{493d1694-1f14-4f5d-ad4c-108b123c0bed}</UniqueIdentifier>
    </Filter>
  </ItemGroup>
  <ItemGroup>
    <ClCompile Include="main.cpp">
      <Filter>Source Files</Filter>
    </ClCompile>
    <ClCompile Include="SmartPtr_UnitTest.cpp">
      <Filter>Source Files</Filter>
    </ClCompile>
    <ClCompile Include="WeakPtr_UnitTest.cpp">
      <Filter>Source Files</Filter>
    </ClCompile>
    <ClCompile Include="Vec4Matrix_UnitTest.cpp">
      <Filter>Source Files</Filter>
    </ClCompile>
    <ClCompile Include="Game.cpp">
      <Filter>Source Files</Filter>
    </ClCompile>
    <ClCompile Include="Collision_UnitTest.cpp">
      <Filter>Source Files</Filter>
    </ClCompile>
    <ClCompile Include="SIMDVecMtx_UnitTest.cpp">
      <Filter>Source Files</Filter>
    </ClCompile>
    <ClCompile Include="Controllers\BallController.cpp">
      <Filter>Controllers</Filter>
    </ClCompile>
    <ClCompile Include="Controllers\BoundsController.cpp">
      <Filter>Controllers</Filter>
    </ClCompile>
    <ClCompile Include="Controllers\KillWallController.cpp">
      <Filter>Controllers</Filter>
    </ClCompile>
    <ClCompile Include="Controllers\PaddleController.cpp">
      <Filter>Controllers</Filter>
    </ClCompile>
    <ClCompile Include="Controllers\PlayerController.cpp">
      <Filter>Controllers</Filter>
    </ClCompile>
    <ClCompile Include="Controllers\WinScreenController.cpp">
      <Filter>Controllers</Filter>
    </ClCompile>
    <ClCompile Include="Pong\Pong.cpp">
      <Filter>Pong</Filter>
    </ClCompile>
    <ClCompile Include="ProcessObjects\LoadGOFileJob.cpp">
      <Filter>ProcessObjects</Filter>
    </ClCompile>
    <ClCompile Include="ProcessObjects\ProcessGameObject.cpp">
      <Filter>ProcessObjects</Filter>
    </ClCompile>
    <ClCompile Include="ProcessObjects\ProcessGOFileJob.cpp">
      <Filter>ProcessObjects</Filter>
    </ClCompile>
  </ItemGroup>
  <ItemGroup>
    <ClInclude Include="Game.h">
      <Filter>Header Files</Filter>
    </ClInclude>
    <ClInclude Include="Game-inl.h">
      <Filter>Header Files</Filter>
    </ClInclude>
    <ClInclude Include="Controllers\BallController.h">
      <Filter>Controllers</Filter>
    </ClInclude>
    <ClInclude Include="Controllers\BoundsController.h">
      <Filter>Controllers</Filter>
    </ClInclude>
    <ClInclude Include="Controllers\KillWallController.h">
      <Filter>Controllers</Filter>
    </ClInclude>
    <ClInclude Include="Controllers\PaddleController.h">
      <Filter>Controllers</Filter>
    </ClInclude>
    <ClInclude Include="Controllers\PlayerController.h">
      <Filter>Controllers</Filter>
    </ClInclude>
    <ClInclude Include="Controllers\WinScreenController.h">
      <Filter>Controllers</Filter>
    </ClInclude>
    <ClInclude Include="Pong\Pong.h">
      <Filter>Pong</Filter>
    </ClInclude>
    <ClInclude Include="ProcessObjects\LoadGOFileJob.h">
      <Filter>ProcessObjects</Filter>
    </ClInclude>
    <ClInclude Include="ProcessObjects\ProcessGameObject.h">
      <Filter>ProcessObjects</Filter>
    </ClInclude>
    <ClInclude Include="ProcessObjects\ProcessGOFileJob.h">
      <Filter>ProcessObjects</Filter>
    </ClInclude>
  </ItemGroup>
</Project>